
Microsoft Visual Studio Solution File, Format Version 12.00
# Visual Studio 15
VisualStudioVersion = 15.0.28307.1145
MinimumVisualStudioVersion = 10.0.40219.1
Project("{9A19103F-16F7-4668-BE54-9A1E7A4F7556}") = "SimLan", "SimLan\SimLan.csproj", "{E8ACCE70-3970-4D62-8464-0096F00729B5}"
EndProject
Project("{FAE04EC0-301F-11D3-BF4B-00C04F79EFBC}") = "SimLanTest", "SimLanTest\SimLanTest.csproj", "{BDA5D963-E0A9-402F-B34E-C8C2D72E2A98}"
EndProject
Global
	GlobalSection(SolutionConfigurationPlatforms) = preSolution
		Debug|Any CPU = Debug|Any CPU
		Release|Any CPU = Release|Any CPU
	EndGlobalSection
	GlobalSection(ProjectConfigurationPlatforms) = postSolution
		{E8ACCE70-3970-4D62-8464-0096F00729B5}.Debug|Any CPU.ActiveCfg = Debug|Any CPU
		{E8ACCE70-3970-4D62-8464-0096F00729B5}.Debug|Any CPU.Build.0 = Debug|Any CPU
		{E8ACCE70-3970-4D62-8464-0096F00729B5}.Release|Any CPU.ActiveCfg = Release|Any CPU
		{E8ACCE70-3970-4D62-8464-0096F00729B5}.Release|Any CPU.Build.0 = Release|Any CPU
		{BDA5D963-E0A9-402F-B34E-C8C2D72E2A98}.Debug|Any CPU.ActiveCfg = Debug|Any CPU
		{BDA5D963-E0A9-402F-B34E-C8C2D72E2A98}.Debug|Any CPU.Build.0 = Debug|Any CPU
		{BDA5D963-E0A9-402F-B34E-C8C2D72E2A98}.Release|Any CPU.ActiveCfg = Release|Any CPU
		{BDA5D963-E0A9-402F-B34E-C8C2D72E2A98}.Release|Any CPU.Build.0 = Release|Any CPU
	EndGlobalSection
	GlobalSection(SolutionProperties) = preSolution
		HideSolutionNode = FALSE
	EndGlobalSection
	GlobalSection(ExtensibilityGlobals) = postSolution
		SolutionGuid = {018671B9-22D3-4D2A-882D-E2AB815EF464}
	EndGlobalSection
EndGlobal
